// !$*UTF8*$!
{
	archiveVersion = 1;
	classes = {
	};
	objectVersion = 50;
	objects = {

/* Begin PBXBuildFile section */
		E7E571F520AC070B00691305 /* AppDelegate.swift in Sources */ = {isa = PBXBuildFile; fileRef = E7E571F420AC070B00691305 /* AppDelegate.swift */; };
		E7E571F720AC070B00691305 /* CameraVC.swift in Sources */ = {isa = PBXBuildFile; fileRef = E7E571F620AC070B00691305 /* CameraVC.swift */; };
		E7E571FA20AC070B00691305 /* Main.storyboard in Resources */ = {isa = PBXBuildFile; fileRef = E7E571F820AC070B00691305 /* Main.storyboard */; };
		E7E571FC20AC070C00691305 /* Assets.xcassets in Resources */ = {isa = PBXBuildFile; fileRef = E7E571FB20AC070C00691305 /* Assets.xcassets */; };
		E7E571FF20AC070C00691305 /* LaunchScreen.storyboard in Resources */ = {isa = PBXBuildFile; fileRef = E7E571FD20AC070C00691305 /* LaunchScreen.storyboard */; };
		E7E5721020AD188700691305 /* RoundedShadowView.swift in Sources */ = {isa = PBXBuildFile; fileRef = E7E5720F20AD188700691305 /* RoundedShadowView.swift */; };
		E7E5721220AD19EC00691305 /* RoundedShadowButton.swift in Sources */ = {isa = PBXBuildFile; fileRef = E7E5721120AD19EC00691305 /* RoundedShadowButton.swift */; };
		E7E5721420AD1A6900691305 /* RoundedShadowImageView.swift in Sources */ = {isa = PBXBuildFile; fileRef = E7E5721320AD1A6900691305 /* RoundedShadowImageView.swift */; };
/* End PBXBuildFile section */

/* Begin PBXFileReference section */
		E7E571F120AC070B00691305 /* vision-app.app */ = {isa = PBXFileReference; explicitFileType = wrapper.application; includeInIndex = 0; path = "vision-app.app"; sourceTree = BUILT_PRODUCTS_DIR; };
		E7E571F420AC070B00691305 /* AppDelegate.swift */ = {isa = PBXFileReference; lastKnownFileType = sourcecode.swift; path = AppDelegate.swift; sourceTree = "<group>"; };
		E7E571F620AC070B00691305 /* CameraVC.swift */ = {isa = PBXFileReference; lastKnownFileType = sourcecode.swift; path = CameraVC.swift; sourceTree = "<group>"; };
		E7E571F920AC070B00691305 /* Base */ = {isa = PBXFileReference; lastKnownFileType = file.storyboard; name = Base; path = Base.lproj/Main.storyboard; sourceTree = "<group>"; };
		E7E571FB20AC070C00691305 /* Assets.xcassets */ = {isa = PBXFileReference; lastKnownFileType = folder.assetcatalog; path = Assets.xcassets; sourceTree = "<group>"; };
		E7E571FE20AC070C00691305 /* Base */ = {isa = PBXFileReference; lastKnownFileType = file.storyboard; name = Base; path = Base.lproj/LaunchScreen.storyboard; sourceTree = "<group>"; };
		E7E5720020AC070C00691305 /* Info.plist */ = {isa = PBXFileReference; lastKnownFileType = text.plist.xml; path = Info.plist; sourceTree = "<group>"; };
		E7E5720F20AD188700691305 /* RoundedShadowView.swift */ = {isa = PBXFileReference; lastKnownFileType = sourcecode.swift; path = RoundedShadowView.swift; sourceTree = "<group>"; };
		E7E5721120AD19EC00691305 /* RoundedShadowButton.swift */ = {isa = PBXFileReference; lastKnownFileType = sourcecode.swift; path = RoundedShadowButton.swift; sourceTree = "<group>"; };
		E7E5721320AD1A6900691305 /* RoundedShadowImageView.swift */ = {isa = PBXFileReference; lastKnownFileType = sourcecode.swift; path = RoundedShadowImageView.swift; sourceTree = "<group>"; };
/* End PBXFileReference section */

/* Begin PBXFrameworksBuildPhase section */
		E7E571EE20AC070B00691305 /* Frameworks */ = {
			isa = PBXFrameworksBuildPhase;
			buildActionMask = 2147483647;
			files = (
			);
			runOnlyForDeploymentPostprocessing = 0;
		};
/* End PBXFrameworksBuildPhase section */

/* Begin PBXGroup section */
		E7E571E820AC070B00691305 = {
			isa = PBXGroup;
			children = (
				E7E571F320AC070B00691305 /* vision-app */,
				E7E571F220AC070B00691305 /* Products */,
			);
			sourceTree = "<group>";
		};
		E7E571F220AC070B00691305 /* Products */ = {
			isa = PBXGroup;
			children = (
				E7E571F120AC070B00691305 /* vision-app.app */,
			);
			name = Products;
			sourceTree = "<group>";
		};
		E7E571F320AC070B00691305 /* vision-app */ = {
			isa = PBXGroup;
			children = (
				E7E5720820AC074E00691305 /* Resources */,
				E7E5720720AC074800691305 /* View */,
				E7E5720620AC073E00691305 /* Controller */,
				E7E571F420AC070B00691305 /* AppDelegate.swift */,
				E7E571F820AC070B00691305 /* Main.storyboard */,
				E7E571FB20AC070C00691305 /* Assets.xcassets */,
				E7E571FD20AC070C00691305 /* LaunchScreen.storyboard */,
				E7E5720020AC070C00691305 /* Info.plist */,
			);
			path = "vision-app";
			sourceTree = "<group>";
		};
		E7E5720620AC073E00691305 /* Controller */ = {
			isa = PBXGroup;
			children = (
				E7E571F620AC070B00691305 /* CameraVC.swift */,
			);
			path = Controller;
			sourceTree = "<group>";
		};
		E7E5720720AC074800691305 /* View */ = {
			isa = PBXGroup;
			children = (
				E7E5720F20AD188700691305 /* RoundedShadowView.swift */,
				E7E5721120AD19EC00691305 /* RoundedShadowButton.swift */,
				E7E5721320AD1A6900691305 /* RoundedShadowImageView.swift */,
			);
			path = View;
			sourceTree = "<group>";
		};
		E7E5720820AC074E00691305 /* Resources */ = {
			isa = PBXGroup;
			children = (
			);
			path = Resources;
			sourceTree = "<group>";
		};
/* End PBXGroup section */

/* Begin PBXNativeTarget section */
		E7E571F020AC070B00691305 /* vision-app */ = {
			isa = PBXNativeTarget;
			buildConfigurationList = E7E5720320AC070C00691305 /* Build configuration list for PBXNativeTarget "vision-app" */;
			buildPhases = (
				E7E571ED20AC070B00691305 /* Sources */,
				E7E571EE20AC070B00691305 /* Frameworks */,
				E7E571EF20AC070B00691305 /* Resources */,
			);
			buildRules = (
			);
			dependencies = (
			);
			name = "vision-app";
			productName = "vision-app";
			productReference = E7E571F120AC070B00691305 /* vision-app.app */;
			productType = "com.apple.product-type.application";
		};
/* End PBXNativeTarget section */

/* Begin PBXProject section */
		E7E571E920AC070B00691305 /* Project object */ = {
			isa = PBXProject;
			attributes = {
				LastSwiftUpdateCheck = 0930;
				LastUpgradeCheck = 0930;
				ORGANIZATIONNAME = "Koki Tabayashi";
				TargetAttributes = {
					E7E571F020AC070B00691305 = {
						CreatedOnToolsVersion = 9.3.1;
					};
				};
			};
			buildConfigurationList = E7E571EC20AC070B00691305 /* Build configuration list for PBXProject "vision-app" */;
			compatibilityVersion = "Xcode 9.3";
			developmentRegion = en;
			hasScannedForEncodings = 0;
			knownRegions = (
				en,
				Base,
			);
			mainGroup = E7E571E820AC070B00691305;
			productRefGroup = E7E571F220AC070B00691305 /* Products */;
			projectDirPath = "";
			projectRoot = "";
			targets = (
				E7E571F020AC070B00691305 /* vision-app */,
			);
		};
/* End PBXProject section */

/* Begin PBXResourcesBuildPhase section */
		E7E571EF20AC070B00691305 /* Resources */ = {
			isa = PBXResourcesBuildPhase;
			buildActionMask = 2147483647;
			files = (
				E7E571FF20AC070C00691305 /* LaunchScreen.storyboard in Resources */,
				E7E571FC20AC070C00691305 /* Assets.xcassets in Resources */,
				E7E571FA20AC070B00691305 /* Main.storyboard in Resources */,
			);
			runOnlyForDeploymentPostprocessing = 0;
		};
/* End PBXResourcesBuildPhase section */

/* Begin PBXSourcesBuildPhase section */
		E7E571ED20AC070B00691305 /* Sources */ = {
			isa = PBXSourcesBuildPhase;
			buildActionMask = 2147483647;
			files = (
				E7E571F720AC070B00691305 /* CameraVC.swift in Sources */,
				E7E571F520AC070B00691305 /* AppDelegate.swift in Sources */,
				E7E5721020AD188700691305 /* RoundedShadowView.swift in Sources */,
				E7E5721220AD19EC00691305 /* RoundedShadowButton.swift in Sources */,
				E7E5721420AD1A6900691305 /* RoundedShadowImageView.swift in Sources */,
			);
			runOnlyForDeploymentPostprocessing = 0;
		};
/* End PBXSourcesBuildPhase section */

/* Begin PBXVariantGroup section */
		E7E571F820AC070B00691305 /* Main.storyboard */ = {
			isa = PBXVariantGroup;
			children = (
				E7E571F920AC070B00691305 /* Base */,
			);
			name = Main.storyboard;
			sourceTree = "<group>";
		};
		E7E571FD20AC070C00691305 /* LaunchScreen.storyboard */ = {
			isa = PBXVariantGroup;
			children = (
				E7E571FE20AC070C00691305 /* Base */,
			);
			name = LaunchScreen.storyboard;
			sourceTree = "<group>";
		};
/* End PBXVariantGroup section */

/* Begin XCBuildConfiguration section */
		E7E5720120AC070C00691305 /* Debug */ = {
			isa = XCBuildConfiguration;
			buildSettings = {
				ALWAYS_SEARCH_USER_PATHS = NO;
				CLANG_ANALYZER_NONNULL = YES;
				CLANG_ANALYZER_NUMBER_OBJECT_CONVERSION = YES_AGGRESSIVE;
				CLANG_CXX_LANGUAGE_STANDARD = "gnu++14";
				CLANG_CXX_LIBRARY = "libc++";
				CLANG_ENABLE_MODULES = YES;
				CLANG_ENABLE_OBJC_ARC = YES;
				CLANG_ENABLE_OBJC_WEAK = YES;
				CLANG_WARN_BLOCK_CAPTURE_AUTORELEASING = YES;
				CLANG_WARN_BOOL_CONVERSION = YES;
				CLANG_WARN_COMMA = YES;
				CLANG_WARN_CONSTANT_CONVERSION = YES;
				CLANG_WARN_DEPRECATED_OBJC_IMPLEMENTATIONS = YES;
				CLANG_WARN_DIRECT_OBJC_ISA_USAGE = YES_ERROR;
				CLANG_WARN_DOCUMENTATION_COMMENTS = YES;
				CLANG_WARN_EMPTY_BODY = YES;
				CLANG_WARN_ENUM_CONVERSION = YES;
				CLANG_WARN_INFINITE_RECURSION = YES;
				CLANG_WARN_INT_CONVERSION = YES;
				CLANG_WARN_NON_LITERAL_NULL_CONVERSION = YES;
				CLANG_WARN_OBJC_IMPLICIT_RETAIN_SELF = YES;
				CLANG_WARN_OBJC_LITERAL_CONVERSION = YES;
				CLANG_WARN_OBJC_ROOT_CLASS = YES_ERROR;
				CLANG_WARN_RANGE_LOOP_ANALYSIS = YES;
				CLANG_WARN_STRICT_PROTOTYPES = YES;
				CLANG_WARN_SUSPICIOUS_MOVE = YES;
				CLANG_WARN_UNGUARDED_AVAILABILITY = YES_AGGRESSIVE;
				CLANG_WARN_UNREACHABLE_CODE = YES;
				CLANG_WARN__DUPLICATE_METHOD_MATCH = YES;
				CODE_SIGN_IDENTITY = "iPhone Developer";
				COPY_PHASE_STRIP = NO;
				DEBUG_INFORMATION_FORMAT = dwarf;
				ENABLE_STRICT_OBJC_MSGSEND = YES;
				ENABLE_TESTABILITY = YES;
				GCC_C_LANGUAGE_STANDARD = gnu11;
				GCC_DYNAMIC_NO_PIC = NO;
				GCC_NO_COMMON_BLOCKS = YES;
				GCC_OPTIMIZATION_LEVEL = 0;
				GCC_PREPROCESSOR_DEFINITIONS = (
					"DEBUG=1",
					"$(inherited)",
				);
				GCC_WARN_64_TO_32_BIT_CONVERSION = YES;
				GCC_WARN_ABOUT_RETURN_TYPE = YES_ERROR;
				GCC_WARN_UNDECLARED_SELECTOR = YES;
				GCC_WARN_UNINITIALIZED_AUTOS = YES_AGGRESSIVE;
				GCC_WARN_UNUSED_FUNCTION = YES;
				GCC_WARN_UNUSED_VARIABLE = YES;
				IPHONEOS_DEPLOYMENT_TARGET = 11.3;
				MTL_ENABLE_DEBUG_INFO = YES;
				ONLY_ACTIVE_ARCH = YES;
				SDKROOT = iphoneos;
				SWIFT_ACTIVE_COMPILATION_CONDITIONS = DEBUG;
				SWIFT_OPTIMIZATION_LEVEL = "-Onone";
			};
			name = Debug;
		};
		E7E5720220AC070C00691305 /* Release */ = {
			isa = XCBuildConfiguration;
			buildSettings = {
				ALWAYS_SEARCH_USER_PATHS = NO;
				CLANG_ANALYZER_NONNULL = YES;
				CLANG_ANALYZER_NUMBER_OBJECT_CONVERSION = YES_AGGRESSIVE;
				CLANG_CXX_LANGUAGE_STANDARD = "gnu++14";
				CLANG_CXX_LIBRARY = "libc++";
				CLANG_ENABLE_MODULES = YES;
				CLANG_ENABLE_OBJC_ARC = YES;
				CLANG_ENABLE_OBJC_WEAK = YES;
				CLANG_WARN_BLOCK_CAPTURE_AUTORELEASING = YES;
				CLANG_WARN_BOOL_CONVERSION = YES;
				CLANG_WARN_COMMA = YES;
				CLANG_WARN_CONSTANT_CONVERSION = YES;
				CLANG_WARN_DEPRECATED_OBJC_IMPLEMENTATIONS = YES;
				CLANG_WARN_DIRECT_OBJC_ISA_USAGE = YES_ERROR;
				CLANG_WARN_DOCUMENTATION_COMMENTS = YES;
				CLANG_WARN_EMPTY_BODY = YES;
				CLANG_WARN_ENUM_CONVERSION = YES;
				CLANG_WARN_INFINITE_RECURSION = YES;
				CLANG_WARN_INT_CONVERSION = YES;
				CLANG_WARN_NON_LITERAL_NULL_CONVERSION = YES;
				CLANG_WARN_OBJC_IMPLICIT_RETAIN_SELF = YES;
				CLANG_WARN_OBJC_LITERAL_CONVERSION = YES;
				CLANG_WARN_OBJC_ROOT_CLASS = YES_ERROR;
				CLANG_WARN_RANGE_LOOP_ANALYSIS = YES;
				CLANG_WARN_STRICT_PROTOTYPES = YES;
				CLANG_WARN_SUSPICIOUS_MOVE = YES;
				CLANG_WARN_UNGUARDED_AVAILABILITY = YES_AGGRESSIVE;
				CLANG_WARN_UNREACHABLE_CODE = YES;
				CLANG_WARN__DUPLICATE_METHOD_MATCH = YES;
				CODE_SIGN_IDENTITY = "iPhone Developer";
				COPY_PHASE_STRIP = NO;
				DEBUG_INFORMATION_FORMAT = "dwarf-with-dsym";
				ENABLE_NS_ASSERTIONS = NO;
				ENABLE_STRICT_OBJC_MSGSEND = YES;
				GCC_C_LANGUAGE_STANDARD = gnu11;
				GCC_NO_COMMON_BLOCKS = YES;
				GCC_WARN_64_TO_32_BIT_CONVERSION = YES;
				GCC_WARN_ABOUT_RETURN_TYPE = YES_ERROR;
				GCC_WARN_UNDECLARED_SELECTOR = YES;
				GCC_WARN_UNINITIALIZED_AUTOS = YES_AGGRESSIVE;
				GCC_WARN_UNUSED_FUNCTION = YES;
				GCC_WARN_UNUSED_VARIABLE = YES;
				IPHONEOS_DEPLOYMENT_TARGET = 11.3;
				MTL_ENABLE_DEBUG_INFO = NO;
				SDKROOT = iphoneos;
				SWIFT_COMPILATION_MODE = wholemodule;
				SWIFT_OPTIMIZATION_LEVEL = "-O";
				VALIDATE_PRODUCT = YES;
			};
			name = Release;
		};
		E7E5720420AC070C00691305 /* Debug */ = {
			isa = XCBuildConfiguration;
			buildSettings = {
				ASSETCATALOG_COMPILER_APPICON_NAME = AppIcon;
				CODE_SIGN_STYLE = Automatic;
				DEVELOPMENT_TEAM = 47SQKMHA2B;
				INFOPLIST_FILE = "vision-app/Info.plist";
				LD_RUNPATH_SEARCH_PATHS = (
					"$(inherited)",
					"@executable_path/Frameworks",
				);
				PRODUCT_BUNDLE_IDENTIFIER = "com.gmail.kokitabayashi.vision-app";
				PRODUCT_NAME = "$(TARGET_NAME)";
				SWIFT_VERSION = 4.0;
				TARGETED_DEVICE_FAMILY = "1,2";
			};
			name = Debug;
		};
		E7E5720520AC070C00691305 /* Release */ = {
			isa = XCBuildConfiguration;
			buildSettings = {
				ASSETCATALOG_COMPILER_APPICON_NAME = AppIcon;
				CODE_SIGN_STYLE = Automatic;
				DEVELOPMENT_TEAM = 47SQKMHA2B;
				INFOPLIST_FILE = "vision-app/Info.plist";
				LD_RUNPATH_SEARCH_PATHS = (
					"$(inherited)",
					"@executable_path/Frameworks",
				);
				PRODUCT_BUNDLE_IDENTIFIER = "com.gmail.kokitabayashi.vision-app";
				PRODUCT_NAME = "$(TARGET_NAME)";
				SWIFT_VERSION = 4.0;
				TARGETED_DEVICE_FAMILY = "1,2";
			};
			name = Release;
		};
/* End XCBuildConfiguration section */

/* Begin XCConfigurationList section */
		E7E571EC20AC070B00691305 /* Build configuration list for PBXProject "vision-app" */ = {
			isa = XCConfigurationList;
			buildConfigurations = (
				E7E5720120AC070C00691305 /* Debug */,
				E7E5720220AC070C00691305 /* Release */,
			);
			defaultConfigurationIsVisible = 0;
			defaultConfigurationName = Release;
		};
		E7E5720320AC070C00691305 /* Build configuration list for PBXNativeTarget "vision-app" */ = {
			isa = XCConfigurationList;
			buildConfigurations = (
				E7E5720420AC070C00691305 /* Debug */,
				E7E5720520AC070C00691305 /* Release */,
			);
			defaultConfigurationIsVisible = 0;
			defaultConfigurationName = Release;
		};
/* End XCConfigurationList section */
	};
	rootObject = E7E571E920AC070B00691305 /* Project object */;
}
